
Microsoft Visual Studio Solution File, Format Version 11.00
# Visual Studio 2010
Project("{FAE04EC0-301F-11D3-BF4B-00C04F79EFBC}") = "FenetreMereFille", "FenetreMereFille\FenetreMereFille.csproj", "{9DA8F915-D70D-4009-BB9E-7329BB846437}"
EndProject
Global
	GlobalSection(SolutionConfigurationPlatforms) = preSolution
		Debug|x86 = Debug|x86
		Release|x86 = Release|x86
	EndGlobalSection
	GlobalSection(ProjectConfigurationPlatforms) = postSolution
		{9DA8F915-D70D-4009-BB9E-7329BB846437}.Debug|x86.ActiveCfg = Debug|x86
		{9DA8F915-D70D-4009-BB9E-7329BB846437}.Debug|x86.Build.0 = Debug|x86
		{9DA8F915-D70D-4009-BB9E-7329BB846437}.Release|x86.ActiveCfg = Release|x86
		{9DA8F915-D70D-4009-BB9E-7329BB846437}.Release|x86.Build.0 = Release|x86
	EndGlobalSection
	GlobalSection(SolutionProperties) = preSolution
		HideSolutionNode = FALSE
	EndGlobalSection
EndGlobal
